// !$*UTF8*$!
{
	archiveVersion = 1;
	classes = {
	};
	objectVersion = 51;
	objects = {

/* Begin PBXBuildFile section */
		C44089ABD9FAF5CBBA82A780 /* Pods_RandomPicker.framework in Frameworks */ = {isa = PBXBuildFile; fileRef = 6AC968C0085A474881BD9128 /* Pods_RandomPicker.framework */; };
		EC773B8D25B6C1C000288D50 /* UIView+Extensions.swift in Sources */ = {isa = PBXBuildFile; fileRef = EC773B8C25B6C1C000288D50 /* UIView+Extensions.swift */; };
		EC773B9125B6C69200288D50 /* CustomPlustTVC.swift in Sources */ = {isa = PBXBuildFile; fileRef = EC773B9025B6C69200288D50 /* CustomPlustTVC.swift */; };
		EC773B9525B6C6F800288D50 /* CustomVCDelegate.swift in Sources */ = {isa = PBXBuildFile; fileRef = EC773B9425B6C6F800288D50 /* CustomVCDelegate.swift */; };
		EC773B9925B7066F00288D50 /* UIColor+Extensions.swift in Sources */ = {isa = PBXBuildFile; fileRef = EC773B9825B7066F00288D50 /* UIColor+Extensions.swift */; };
		EC773B9C25B70C4C00288D50 /* CustomTitleTVC.swift in Sources */ = {isa = PBXBuildFile; fileRef = EC773B9B25B70C4C00288D50 /* CustomTitleTVC.swift */; };
		EC773BA025B71DA300288D50 /* CustomResultVC.swift in Sources */ = {isa = PBXBuildFile; fileRef = EC773B9F25B71DA200288D50 /* CustomResultVC.swift */; };
		EC773BA325B7218500288D50 /* CustomResultMainTVC.swift in Sources */ = {isa = PBXBuildFile; fileRef = EC773BA225B7218500288D50 /* CustomResultMainTVC.swift */; };
		EC773BA625B721C400288D50 /* CustomResultLIstTVC.swift in Sources */ = {isa = PBXBuildFile; fileRef = EC773BA525B721C400288D50 /* CustomResultLIstTVC.swift */; };
		EC773BA925B724B100288D50 /* CustomResultHeader.swift in Sources */ = {isa = PBXBuildFile; fileRef = EC773BA825B724B100288D50 /* CustomResultHeader.swift */; };
		EC773BAC25B73D0B00288D50 /* UISwitch+Extensions.swift in Sources */ = {isa = PBXBuildFile; fileRef = EC773BAB25B73D0B00288D50 /* UISwitch+Extensions.swift */; };
		EC773BAF25B7571400288D50 /* CustomResultDelegate.swift in Sources */ = {isa = PBXBuildFile; fileRef = EC773BAE25B7571400288D50 /* CustomResultDelegate.swift */; };
		EC7FA7C725B5F82C0050B692 /* AppDelegate.swift in Sources */ = {isa = PBXBuildFile; fileRef = EC7FA7C625B5F82C0050B692 /* AppDelegate.swift */; };
		EC7FA7C925B5F82C0050B692 /* SceneDelegate.swift in Sources */ = {isa = PBXBuildFile; fileRef = EC7FA7C825B5F82C0050B692 /* SceneDelegate.swift */; };
		EC7FA7CB25B5F82C0050B692 /* ViewController.swift in Sources */ = {isa = PBXBuildFile; fileRef = EC7FA7CA25B5F82C0050B692 /* ViewController.swift */; };
		EC7FA7D025B5F82E0050B692 /* Assets.xcassets in Resources */ = {isa = PBXBuildFile; fileRef = EC7FA7CF25B5F82E0050B692 /* Assets.xcassets */; };
		EC7FA7D325B5F82E0050B692 /* LaunchScreen.storyboard in Resources */ = {isa = PBXBuildFile; fileRef = EC7FA7D125B5F82E0050B692 /* LaunchScreen.storyboard */; };
		EC7FA7DD25B5FA5D0050B692 /* Custom.storyboard in Resources */ = {isa = PBXBuildFile; fileRef = EC7FA7DC25B5FA5D0050B692 /* Custom.storyboard */; };
		EC7FA7E125B5FA760050B692 /* CustomVC.swift in Sources */ = {isa = PBXBuildFile; fileRef = EC7FA7E025B5FA760050B692 /* CustomVC.swift */; };
		EC7FA7E525B5FE060050B692 /* CustomTVC.swift in Sources */ = {isa = PBXBuildFile; fileRef = EC7FA7E425B5FE060050B692 /* CustomTVC.swift */; };
		EC7FA7EA25B5FF150050B692 /* CustomTableHeaderView.swift in Sources */ = {isa = PBXBuildFile; fileRef = EC7FA7E925B5FF150050B692 /* CustomTableHeaderView.swift */; };
		EC7FA7F525B601060050B692 /* CustomCandidateTableHeaderView.swift in Sources */ = {isa = PBXBuildFile; fileRef = EC7FA7F425B601060050B692 /* CustomCandidateTableHeaderView.swift */; };
		EC9B046625B7EDBD00DCDF59 /* CustomResultPlusTVC.swift in Sources */ = {isa = PBXBuildFile; fileRef = EC9B046525B7EDBD00DCDF59 /* CustomResultPlusTVC.swift */; };
		EC9B047925B8002700DCDF59 /* SAConfettiView.swift in Sources */ = {isa = PBXBuildFile; fileRef = EC9B047825B8002700DCDF59 /* SAConfettiView.swift */; };
		EC9B048325B8044600DCDF59 /* Main.storyboard in Resources */ = {isa = PBXBuildFile; fileRef = EC9B048225B8044600DCDF59 /* Main.storyboard */; };
		EC9B048625B8046300DCDF59 /* MainVC.swift in Sources */ = {isa = PBXBuildFile; fileRef = EC9B048525B8046300DCDF59 /* MainVC.swift */; };
		EC9B048925B8066600DCDF59 /* MainCustomVC.swift in Sources */ = {isa = PBXBuildFile; fileRef = EC9B048825B8066600DCDF59 /* MainCustomVC.swift */; };
		EC9B048C25B8067300DCDF59 /* MainNumberVC.swift in Sources */ = {isa = PBXBuildFile; fileRef = EC9B048B25B8067300DCDF59 /* MainNumberVC.swift */; };
		EC9B048F25B8068300DCDF59 /* MainPVC.swift in Sources */ = {isa = PBXBuildFile; fileRef = EC9B048E25B8068300DCDF59 /* MainPVC.swift */; };
		EC9B049225B80A4B00DCDF59 /* MainPageDelegate.swift in Sources */ = {isa = PBXBuildFile; fileRef = EC9B049125B80A4B00DCDF59 /* MainPageDelegate.swift */; };
		EC9B049525B865FE00DCDF59 /* Number.storyboard in Resources */ = {isa = PBXBuildFile; fileRef = EC9B049425B865FE00DCDF59 /* Number.storyboard */; };
		EC9B049825B8662000DCDF59 /* NumberVC.swift in Sources */ = {isa = PBXBuildFile; fileRef = EC9B049725B8662000DCDF59 /* NumberVC.swift */; };
		EC9B049B25B874C000DCDF59 /* NumberResultVC.swift in Sources */ = {isa = PBXBuildFile; fileRef = EC9B049A25B874C000DCDF59 /* NumberResultVC.swift */; };
		EC9B049F25B8858800DCDF59 /* CustomData.swift in Sources */ = {isa = PBXBuildFile; fileRef = EC9B049E25B8858800DCDF59 /* CustomData.swift */; };
		EC9B04A425B8862800DCDF59 /* NumberData.swift in Sources */ = {isa = PBXBuildFile; fileRef = EC9B04A325B8862800DCDF59 /* NumberData.swift */; };
		EC9B04A725B88B5C00DCDF59 /* MainNumberTVC.swift in Sources */ = {isa = PBXBuildFile; fileRef = EC9B04A625B88B5C00DCDF59 /* MainNumberTVC.swift */; };
		EC9B04AA25B8A1C600DCDF59 /* MainCustomTVC.swift in Sources */ = {isa = PBXBuildFile; fileRef = EC9B04A925B8A1C600DCDF59 /* MainCustomTVC.swift */; };
		EC9B04AD25B8A56800DCDF59 /* MainTableDelegate.swift in Sources */ = {isa = PBXBuildFile; fileRef = EC9B04AC25B8A56800DCDF59 /* MainTableDelegate.swift */; };
		EC9B04B025B8ABDC00DCDF59 /* Info.storyboard in Resources */ = {isa = PBXBuildFile; fileRef = EC9B04AF25B8ABDC00DCDF59 /* Info.storyboard */; };
		EC9B04B325B8AC7200DCDF59 /* InfoVC.swift in Sources */ = {isa = PBXBuildFile; fileRef = EC9B04B225B8AC7200DCDF59 /* InfoVC.swift */; };
		ECF872E025B955E00096E766 /* CustomAlert.storyboard in Resources */ = {isa = PBXBuildFile; fileRef = ECF872DF25B955E00096E766 /* CustomAlert.storyboard */; };
		ECF872E325B9565E0096E766 /* CustomAlertVC.swift in Sources */ = {isa = PBXBuildFile; fileRef = ECF872E225B9565E0096E766 /* CustomAlertVC.swift */; };
		ECF872E625B95CBC0096E766 /* CustomAlertDelegate.swift in Sources */ = {isa = PBXBuildFile; fileRef = ECF872E525B95CBC0096E766 /* CustomAlertDelegate.swift */; };
/* End PBXBuildFile section */

/* Begin PBXFileReference section */
		6AC968C0085A474881BD9128 /* Pods_RandomPicker.framework */ = {isa = PBXFileReference; explicitFileType = wrapper.framework; includeInIndex = 0; path = Pods_RandomPicker.framework; sourceTree = BUILT_PRODUCTS_DIR; };
		6DAEE8F43563FDDCDBD65A64 /* Pods-RandomPicker.debug.xcconfig */ = {isa = PBXFileReference; includeInIndex = 1; lastKnownFileType = text.xcconfig; name = "Pods-RandomPicker.debug.xcconfig"; path = "Target Support Files/Pods-RandomPicker/Pods-RandomPicker.debug.xcconfig"; sourceTree = "<group>"; };
		7751301782D1AB204FEDCACD /* Pods-RandomPicker.release.xcconfig */ = {isa = PBXFileReference; includeInIndex = 1; lastKnownFileType = text.xcconfig; name = "Pods-RandomPicker.release.xcconfig"; path = "Target Support Files/Pods-RandomPicker/Pods-RandomPicker.release.xcconfig"; sourceTree = "<group>"; };
		EC773B8C25B6C1C000288D50 /* UIView+Extensions.swift */ = {isa = PBXFileReference; lastKnownFileType = sourcecode.swift; path = "UIView+Extensions.swift"; sourceTree = "<group>"; };
		EC773B9025B6C69200288D50 /* CustomPlustTVC.swift */ = {isa = PBXFileReference; lastKnownFileType = sourcecode.swift; path = CustomPlustTVC.swift; sourceTree = "<group>"; };
		EC773B9425B6C6F800288D50 /* CustomVCDelegate.swift */ = {isa = PBXFileReference; lastKnownFileType = sourcecode.swift; path = CustomVCDelegate.swift; sourceTree = "<group>"; };
		EC773B9825B7066F00288D50 /* UIColor+Extensions.swift */ = {isa = PBXFileReference; lastKnownFileType = sourcecode.swift; path = "UIColor+Extensions.swift"; sourceTree = "<group>"; };
		EC773B9B25B70C4C00288D50 /* CustomTitleTVC.swift */ = {isa = PBXFileReference; lastKnownFileType = sourcecode.swift; path = CustomTitleTVC.swift; sourceTree = "<group>"; };
		EC773B9F25B71DA200288D50 /* CustomResultVC.swift */ = {isa = PBXFileReference; lastKnownFileType = sourcecode.swift; path = CustomResultVC.swift; sourceTree = "<group>"; };
		EC773BA225B7218500288D50 /* CustomResultMainTVC.swift */ = {isa = PBXFileReference; lastKnownFileType = sourcecode.swift; path = CustomResultMainTVC.swift; sourceTree = "<group>"; };
		EC773BA525B721C400288D50 /* CustomResultLIstTVC.swift */ = {isa = PBXFileReference; lastKnownFileType = sourcecode.swift; path = CustomResultLIstTVC.swift; sourceTree = "<group>"; };
		EC773BA825B724B100288D50 /* CustomResultHeader.swift */ = {isa = PBXFileReference; lastKnownFileType = sourcecode.swift; path = CustomResultHeader.swift; sourceTree = "<group>"; };
		EC773BAB25B73D0B00288D50 /* UISwitch+Extensions.swift */ = {isa = PBXFileReference; lastKnownFileType = sourcecode.swift; path = "UISwitch+Extensions.swift"; sourceTree = "<group>"; };
		EC773BAE25B7571400288D50 /* CustomResultDelegate.swift */ = {isa = PBXFileReference; lastKnownFileType = sourcecode.swift; path = CustomResultDelegate.swift; sourceTree = "<group>"; };
		EC7FA7C325B5F82C0050B692 /* RandomPicker.app */ = {isa = PBXFileReference; explicitFileType = wrapper.application; includeInIndex = 0; path = RandomPicker.app; sourceTree = BUILT_PRODUCTS_DIR; };
		EC7FA7C625B5F82C0050B692 /* AppDelegate.swift */ = {isa = PBXFileReference; lastKnownFileType = sourcecode.swift; path = AppDelegate.swift; sourceTree = "<group>"; };
		EC7FA7C825B5F82C0050B692 /* SceneDelegate.swift */ = {isa = PBXFileReference; lastKnownFileType = sourcecode.swift; path = SceneDelegate.swift; sourceTree = "<group>"; };
		EC7FA7CA25B5F82C0050B692 /* ViewController.swift */ = {isa = PBXFileReference; lastKnownFileType = sourcecode.swift; path = ViewController.swift; sourceTree = "<group>"; };
		EC7FA7CF25B5F82E0050B692 /* Assets.xcassets */ = {isa = PBXFileReference; lastKnownFileType = folder.assetcatalog; path = Assets.xcassets; sourceTree = "<group>"; };
		EC7FA7D225B5F82E0050B692 /* Base */ = {isa = PBXFileReference; lastKnownFileType = file.storyboard; name = Base; path = Base.lproj/LaunchScreen.storyboard; sourceTree = "<group>"; };
		EC7FA7D425B5F82E0050B692 /* Info.plist */ = {isa = PBXFileReference; lastKnownFileType = text.plist.xml; path = Info.plist; sourceTree = "<group>"; };
		EC7FA7DC25B5FA5D0050B692 /* Custom.storyboard */ = {isa = PBXFileReference; lastKnownFileType = file.storyboard; path = Custom.storyboard; sourceTree = "<group>"; };
		EC7FA7E025B5FA760050B692 /* CustomVC.swift */ = {isa = PBXFileReference; lastKnownFileType = sourcecode.swift; path = CustomVC.swift; sourceTree = "<group>"; };
		EC7FA7E425B5FE060050B692 /* CustomTVC.swift */ = {isa = PBXFileReference; lastKnownFileType = sourcecode.swift; path = CustomTVC.swift; sourceTree = "<group>"; };
		EC7FA7E925B5FF150050B692 /* CustomTableHeaderView.swift */ = {isa = PBXFileReference; lastKnownFileType = sourcecode.swift; path = CustomTableHeaderView.swift; sourceTree = "<group>"; };
		EC7FA7F425B601060050B692 /* CustomCandidateTableHeaderView.swift */ = {isa = PBXFileReference; lastKnownFileType = sourcecode.swift; path = CustomCandidateTableHeaderView.swift; sourceTree = "<group>"; };
		EC9B046525B7EDBD00DCDF59 /* CustomResultPlusTVC.swift */ = {isa = PBXFileReference; lastKnownFileType = sourcecode.swift; path = CustomResultPlusTVC.swift; sourceTree = "<group>"; };
		EC9B047825B8002700DCDF59 /* SAConfettiView.swift */ = {isa = PBXFileReference; lastKnownFileType = sourcecode.swift; path = SAConfettiView.swift; sourceTree = "<group>"; };
		EC9B048225B8044600DCDF59 /* Main.storyboard */ = {isa = PBXFileReference; lastKnownFileType = file.storyboard; path = Main.storyboard; sourceTree = "<group>"; };
		EC9B048525B8046300DCDF59 /* MainVC.swift */ = {isa = PBXFileReference; lastKnownFileType = sourcecode.swift; path = MainVC.swift; sourceTree = "<group>"; };
		EC9B048825B8066600DCDF59 /* MainCustomVC.swift */ = {isa = PBXFileReference; lastKnownFileType = sourcecode.swift; path = MainCustomVC.swift; sourceTree = "<group>"; };
		EC9B048B25B8067300DCDF59 /* MainNumberVC.swift */ = {isa = PBXFileReference; lastKnownFileType = sourcecode.swift; path = MainNumberVC.swift; sourceTree = "<group>"; };
		EC9B048E25B8068300DCDF59 /* MainPVC.swift */ = {isa = PBXFileReference; lastKnownFileType = sourcecode.swift; path = MainPVC.swift; sourceTree = "<group>"; };
		EC9B049125B80A4B00DCDF59 /* MainPageDelegate.swift */ = {isa = PBXFileReference; lastKnownFileType = sourcecode.swift; path = MainPageDelegate.swift; sourceTree = "<group>"; };
		EC9B049425B865FE00DCDF59 /* Number.storyboard */ = {isa = PBXFileReference; lastKnownFileType = file.storyboard; path = Number.storyboard; sourceTree = "<group>"; };
		EC9B049725B8662000DCDF59 /* NumberVC.swift */ = {isa = PBXFileReference; lastKnownFileType = sourcecode.swift; path = NumberVC.swift; sourceTree = "<group>"; };
		EC9B049A25B874C000DCDF59 /* NumberResultVC.swift */ = {isa = PBXFileReference; lastKnownFileType = sourcecode.swift; path = NumberResultVC.swift; sourceTree = "<group>"; };
		EC9B049E25B8858800DCDF59 /* CustomData.swift */ = {isa = PBXFileReference; lastKnownFileType = sourcecode.swift; path = CustomData.swift; sourceTree = "<group>"; };
		EC9B04A325B8862800DCDF59 /* NumberData.swift */ = {isa = PBXFileReference; lastKnownFileType = sourcecode.swift; path = NumberData.swift; sourceTree = "<group>"; };
		EC9B04A625B88B5C00DCDF59 /* MainNumberTVC.swift */ = {isa = PBXFileReference; lastKnownFileType = sourcecode.swift; path = MainNumberTVC.swift; sourceTree = "<group>"; };
		EC9B04A925B8A1C600DCDF59 /* MainCustomTVC.swift */ = {isa = PBXFileReference; lastKnownFileType = sourcecode.swift; path = MainCustomTVC.swift; sourceTree = "<group>"; };
		EC9B04AC25B8A56800DCDF59 /* MainTableDelegate.swift */ = {isa = PBXFileReference; lastKnownFileType = sourcecode.swift; path = MainTableDelegate.swift; sourceTree = "<group>"; };
		EC9B04AF25B8ABDC00DCDF59 /* Info.storyboard */ = {isa = PBXFileReference; lastKnownFileType = file.storyboard; path = Info.storyboard; sourceTree = "<group>"; };
		EC9B04B225B8AC7200DCDF59 /* InfoVC.swift */ = {isa = PBXFileReference; lastKnownFileType = sourcecode.swift; path = InfoVC.swift; sourceTree = "<group>"; };
		ECF872DF25B955E00096E766 /* CustomAlert.storyboard */ = {isa = PBXFileReference; lastKnownFileType = file.storyboard; path = CustomAlert.storyboard; sourceTree = "<group>"; };
		ECF872E225B9565E0096E766 /* CustomAlertVC.swift */ = {isa = PBXFileReference; lastKnownFileType = sourcecode.swift; path = CustomAlertVC.swift; sourceTree = "<group>"; };
		ECF872E525B95CBC0096E766 /* CustomAlertDelegate.swift */ = {isa = PBXFileReference; lastKnownFileType = sourcecode.swift; path = CustomAlertDelegate.swift; sourceTree = "<group>"; };
/* End PBXFileReference section */

/* Begin PBXFrameworksBuildPhase section */
		EC7FA7C025B5F82C0050B692 /* Frameworks */ = {
			isa = PBXFrameworksBuildPhase;
			buildActionMask = 2147483647;
			files = (
				C44089ABD9FAF5CBBA82A780 /* Pods_RandomPicker.framework in Frameworks */,
			);
			runOnlyForDeploymentPostprocessing = 0;
		};
/* End PBXFrameworksBuildPhase section */

/* Begin PBXGroup section */
		A037B431F78EFA5363DFC7D8 /* Pods */ = {
			isa = PBXGroup;
			children = (
				6DAEE8F43563FDDCDBD65A64 /* Pods-RandomPicker.debug.xcconfig */,
				7751301782D1AB204FEDCACD /* Pods-RandomPicker.release.xcconfig */,
			);
			path = Pods;
			sourceTree = "<group>";
		};
		CF89E237288EFF32DA76AF61 /* Frameworks */ = {
			isa = PBXGroup;
			children = (
				6AC968C0085A474881BD9128 /* Pods_RandomPicker.framework */,
			);
			name = Frameworks;
			sourceTree = "<group>";
		};
		EC773B8B25B6C1AF00288D50 /* Extensions */ = {
			isa = PBXGroup;
			children = (
				EC773B8C25B6C1C000288D50 /* UIView+Extensions.swift */,
				EC773B9825B7066F00288D50 /* UIColor+Extensions.swift */,
				EC773BAB25B73D0B00288D50 /* UISwitch+Extensions.swift */,
				EC9B047825B8002700DCDF59 /* SAConfettiView.swift */,
			);
			path = Extensions;
			sourceTree = "<group>";
		};
		EC773B9325B6C6E900288D50 /* Protocols */ = {
			isa = PBXGroup;
			children = (
				EC773B9425B6C6F800288D50 /* CustomVCDelegate.swift */,
				EC773BAE25B7571400288D50 /* CustomResultDelegate.swift */,
				EC9B049125B80A4B00DCDF59 /* MainPageDelegate.swift */,
				EC9B04AC25B8A56800DCDF59 /* MainTableDelegate.swift */,
				ECF872E525B95CBC0096E766 /* CustomAlertDelegate.swift */,
			);
			path = Protocols;
			sourceTree = "<group>";
		};
		EC7FA7BA25B5F82C0050B692 = {
			isa = PBXGroup;
			children = (
				EC7FA7C525B5F82C0050B692 /* RandomPicker */,
				EC7FA7C425B5F82C0050B692 /* Products */,
				A037B431F78EFA5363DFC7D8 /* Pods */,
				CF89E237288EFF32DA76AF61 /* Frameworks */,
			);
			sourceTree = "<group>";
		};
		EC7FA7C425B5F82C0050B692 /* Products */ = {
			isa = PBXGroup;
			children = (
				EC7FA7C325B5F82C0050B692 /* RandomPicker.app */,
			);
			name = Products;
			sourceTree = "<group>";
		};
		EC7FA7C525B5F82C0050B692 /* RandomPicker */ = {
			isa = PBXGroup;
			children = (
				EC9B049D25B8857900DCDF59 /* Structs */,
				EC773B9325B6C6E900288D50 /* Protocols */,
				EC773B8B25B6C1AF00288D50 /* Extensions */,
				EC7FA7E825B5FEFB0050B692 /* CustomViews */,
				EC7FA7E325B5FDE80050B692 /* Cells */,
				EC7FA7DF25B5FA620050B692 /* VCs */,
				EC7FA7DB25B5FA4B0050B692 /* Storyboards */,
				EC7FA7C625B5F82C0050B692 /* AppDelegate.swift */,
				EC7FA7C825B5F82C0050B692 /* SceneDelegate.swift */,
				EC7FA7CA25B5F82C0050B692 /* ViewController.swift */,
				EC7FA7CF25B5F82E0050B692 /* Assets.xcassets */,
				EC7FA7D125B5F82E0050B692 /* LaunchScreen.storyboard */,
				EC7FA7D425B5F82E0050B692 /* Info.plist */,
			);
			path = RandomPicker;
			sourceTree = "<group>";
		};
		EC7FA7DB25B5FA4B0050B692 /* Storyboards */ = {
			isa = PBXGroup;
			children = (
				EC7FA7DC25B5FA5D0050B692 /* Custom.storyboard */,
				EC9B048225B8044600DCDF59 /* Main.storyboard */,
				EC9B049425B865FE00DCDF59 /* Number.storyboard */,
				EC9B04AF25B8ABDC00DCDF59 /* Info.storyboard */,
				ECF872DF25B955E00096E766 /* CustomAlert.storyboard */,
			);
			path = Storyboards;
			sourceTree = "<group>";
		};
		EC7FA7DF25B5FA620050B692 /* VCs */ = {
			isa = PBXGroup;
			children = (
				EC7FA7E025B5FA760050B692 /* CustomVC.swift */,
				EC773B9F25B71DA200288D50 /* CustomResultVC.swift */,
				EC9B048525B8046300DCDF59 /* MainVC.swift */,
				EC9B048825B8066600DCDF59 /* MainCustomVC.swift */,
				EC9B048B25B8067300DCDF59 /* MainNumberVC.swift */,
				EC9B048E25B8068300DCDF59 /* MainPVC.swift */,
				EC9B049725B8662000DCDF59 /* NumberVC.swift */,
				EC9B049A25B874C000DCDF59 /* NumberResultVC.swift */,
				EC9B04B225B8AC7200DCDF59 /* InfoVC.swift */,
				ECF872E225B9565E0096E766 /* CustomAlertVC.swift */,
			);
			path = VCs;
			sourceTree = "<group>";
		};
		EC7FA7E325B5FDE80050B692 /* Cells */ = {
			isa = PBXGroup;
			children = (
				EC7FA7E425B5FE060050B692 /* CustomTVC.swift */,
				EC773B9B25B70C4C00288D50 /* CustomTitleTVC.swift */,
				EC773B9025B6C69200288D50 /* CustomPlustTVC.swift */,
				EC773BA225B7218500288D50 /* CustomResultMainTVC.swift */,
				EC773BA525B721C400288D50 /* CustomResultLIstTVC.swift */,
				EC9B046525B7EDBD00DCDF59 /* CustomResultPlusTVC.swift */,
				EC9B04A625B88B5C00DCDF59 /* MainNumberTVC.swift */,
				EC9B04A925B8A1C600DCDF59 /* MainCustomTVC.swift */,
			);
			path = Cells;
			sourceTree = "<group>";
		};
		EC7FA7E825B5FEFB0050B692 /* CustomViews */ = {
			isa = PBXGroup;
			children = (
				EC7FA7E925B5FF150050B692 /* CustomTableHeaderView.swift */,
				EC7FA7F425B601060050B692 /* CustomCandidateTableHeaderView.swift */,
				EC773BA825B724B100288D50 /* CustomResultHeader.swift */,
			);
			path = CustomViews;
			sourceTree = "<group>";
		};
		EC9B049D25B8857900DCDF59 /* Structs */ = {
			isa = PBXGroup;
			children = (
				EC9B049E25B8858800DCDF59 /* CustomData.swift */,
				EC9B04A325B8862800DCDF59 /* NumberData.swift */,
			);
			path = Structs;
			sourceTree = "<group>";
		};
/* End PBXGroup section */

/* Begin PBXNativeTarget section */
		EC7FA7C225B5F82C0050B692 /* RandomPicker */ = {
			isa = PBXNativeTarget;
			buildConfigurationList = EC7FA7D725B5F82E0050B692 /* Build configuration list for PBXNativeTarget "RandomPicker" */;
			buildPhases = (
				DE64130EB858CD3D943B71AC /* [CP] Check Pods Manifest.lock */,
				EC7FA7BF25B5F82C0050B692 /* Sources */,
				EC7FA7C025B5F82C0050B692 /* Frameworks */,
				EC7FA7C125B5F82C0050B692 /* Resources */,
				85053A2CB3DCEF280242B011 /* [CP] Embed Pods Frameworks */,
			);
			buildRules = (
			);
			dependencies = (
			);
			name = RandomPicker;
			productName = RandomPicker;
			productReference = EC7FA7C325B5F82C0050B692 /* RandomPicker.app */;
			productType = "com.apple.product-type.application";
		};
/* End PBXNativeTarget section */

/* Begin PBXProject section */
		EC7FA7BB25B5F82C0050B692 /* Project object */ = {
			isa = PBXProject;
			attributes = {
				LastSwiftUpdateCheck = 1230;
				LastUpgradeCheck = 1230;
				TargetAttributes = {
					EC7FA7C225B5F82C0050B692 = {
						CreatedOnToolsVersion = 12.3;
					};
				};
			};
			buildConfigurationList = EC7FA7BE25B5F82C0050B692 /* Build configuration list for PBXProject "RandomPicker" */;
			compatibilityVersion = "Xcode 9.3";
			developmentRegion = en;
			hasScannedForEncodings = 0;
			knownRegions = (
				en,
				Base,
			);
			mainGroup = EC7FA7BA25B5F82C0050B692;
			productRefGroup = EC7FA7C425B5F82C0050B692 /* Products */;
			projectDirPath = "";
			projectRoot = "";
			targets = (
				EC7FA7C225B5F82C0050B692 /* RandomPicker */,
			);
		};
/* End PBXProject section */

/* Begin PBXResourcesBuildPhase section */
		EC7FA7C125B5F82C0050B692 /* Resources */ = {
			isa = PBXResourcesBuildPhase;
			buildActionMask = 2147483647;
			files = (
				EC9B04B025B8ABDC00DCDF59 /* Info.storyboard in Resources */,
				EC7FA7D325B5F82E0050B692 /* LaunchScreen.storyboard in Resources */,
				EC7FA7D025B5F82E0050B692 /* Assets.xcassets in Resources */,
				ECF872E025B955E00096E766 /* CustomAlert.storyboard in Resources */,
				EC7FA7DD25B5FA5D0050B692 /* Custom.storyboard in Resources */,
				EC9B048325B8044600DCDF59 /* Main.storyboard in Resources */,
				EC9B049525B865FE00DCDF59 /* Number.storyboard in Resources */,
			);
			runOnlyForDeploymentPostprocessing = 0;
		};
/* End PBXResourcesBuildPhase section */

/* Begin PBXShellScriptBuildPhase section */
		85053A2CB3DCEF280242B011 /* [CP] Embed Pods Frameworks */ = {
			isa = PBXShellScriptBuildPhase;
			buildActionMask = 2147483647;
			files = (
			);
			inputFileListPaths = (
				"${PODS_ROOT}/Target Support Files/Pods-RandomPicker/Pods-RandomPicker-frameworks-${CONFIGURATION}-input-files.xcfilelist",
			);
			name = "[CP] Embed Pods Frameworks";
			outputFileListPaths = (
				"${PODS_ROOT}/Target Support Files/Pods-RandomPicker/Pods-RandomPicker-frameworks-${CONFIGURATION}-output-files.xcfilelist",
			);
			runOnlyForDeploymentPostprocessing = 0;
			shellPath = /bin/sh;
			shellScript = "\"${PODS_ROOT}/Target Support Files/Pods-RandomPicker/Pods-RandomPicker-frameworks.sh\"\n";
			showEnvVarsInLog = 0;
		};
		DE64130EB858CD3D943B71AC /* [CP] Check Pods Manifest.lock */ = {
			isa = PBXShellScriptBuildPhase;
			buildActionMask = 2147483647;
			files = (
			);
			inputFileListPaths = (
			);
			inputPaths = (
				"${PODS_PODFILE_DIR_PATH}/Podfile.lock",
				"${PODS_ROOT}/Manifest.lock",
			);
			name = "[CP] Check Pods Manifest.lock";
			outputFileListPaths = (
			);
			outputPaths = (
				"$(DERIVED_FILE_DIR)/Pods-RandomPicker-checkManifestLockResult.txt",
			);
			runOnlyForDeploymentPostprocessing = 0;
			shellPath = /bin/sh;
			shellScript = "diff \"${PODS_PODFILE_DIR_PATH}/Podfile.lock\" \"${PODS_ROOT}/Manifest.lock\" > /dev/null\nif [ $? != 0 ] ; then\n    # print error to STDERR\n    echo \"error: The sandbox is not in sync with the Podfile.lock. Run 'pod install' or update your CocoaPods installation.\" >&2\n    exit 1\nfi\n# This output is used by Xcode 'outputs' to avoid re-running this script phase.\necho \"SUCCESS\" > \"${SCRIPT_OUTPUT_FILE_0}\"\n";
			showEnvVarsInLog = 0;
		};
/* End PBXShellScriptBuildPhase section */

/* Begin PBXSourcesBuildPhase section */
		EC7FA7BF25B5F82C0050B692 /* Sources */ = {
			isa = PBXSourcesBuildPhase;
			buildActionMask = 2147483647;
			files = (
				EC7FA7CB25B5F82C0050B692 /* ViewController.swift in Sources */,
				EC7FA7E125B5FA760050B692 /* CustomVC.swift in Sources */,
				EC7FA7C725B5F82C0050B692 /* AppDelegate.swift in Sources */,
				EC773B9525B6C6F800288D50 /* CustomVCDelegate.swift in Sources */,
				EC9B04B325B8AC7200DCDF59 /* InfoVC.swift in Sources */,
				EC9B048925B8066600DCDF59 /* MainCustomVC.swift in Sources */,
				EC7FA7EA25B5FF150050B692 /* CustomTableHeaderView.swift in Sources */,
				EC9B04AA25B8A1C600DCDF59 /* MainCustomTVC.swift in Sources */,
				EC9B048C25B8067300DCDF59 /* MainNumberVC.swift in Sources */,
				EC7FA7F525B601060050B692 /* CustomCandidateTableHeaderView.swift in Sources */,
				EC773BA925B724B100288D50 /* CustomResultHeader.swift in Sources */,
				EC9B049B25B874C000DCDF59 /* NumberResultVC.swift in Sources */,
				EC773BA025B71DA300288D50 /* CustomResultVC.swift in Sources */,
				EC9B04A725B88B5C00DCDF59 /* MainNumberTVC.swift in Sources */,
				EC773B9125B6C69200288D50 /* CustomPlustTVC.swift in Sources */,
				EC7FA7C925B5F82C0050B692 /* SceneDelegate.swift in Sources */,
				EC773B9925B7066F00288D50 /* UIColor+Extensions.swift in Sources */,
				EC773BA625B721C400288D50 /* CustomResultLIstTVC.swift in Sources */,
				ECF872E325B9565E0096E766 /* CustomAlertVC.swift in Sources */,
				EC9B048F25B8068300DCDF59 /* MainPVC.swift in Sources */,
				EC9B049F25B8858800DCDF59 /* CustomData.swift in Sources */,
				EC9B04A425B8862800DCDF59 /* NumberData.swift in Sources */,
				EC773BA325B7218500288D50 /* CustomResultMainTVC.swift in Sources */,
				EC9B048625B8046300DCDF59 /* MainVC.swift in Sources */,
				EC773B9C25B70C4C00288D50 /* CustomTitleTVC.swift in Sources */,
				EC9B047925B8002700DCDF59 /* SAConfettiView.swift in Sources */,
				ECF872E625B95CBC0096E766 /* CustomAlertDelegate.swift in Sources */,
				EC9B046625B7EDBD00DCDF59 /* CustomResultPlusTVC.swift in Sources */,
				EC9B049225B80A4B00DCDF59 /* MainPageDelegate.swift in Sources */,
				EC9B04AD25B8A56800DCDF59 /* MainTableDelegate.swift in Sources */,
				EC773BAF25B7571400288D50 /* CustomResultDelegate.swift in Sources */,
				EC773B8D25B6C1C000288D50 /* UIView+Extensions.swift in Sources */,
				EC773BAC25B73D0B00288D50 /* UISwitch+Extensions.swift in Sources */,
				EC7FA7E525B5FE060050B692 /* CustomTVC.swift in Sources */,
				EC9B049825B8662000DCDF59 /* NumberVC.swift in Sources */,
			);
			runOnlyForDeploymentPostprocessing = 0;
		};
/* End PBXSourcesBuildPhase section */

/* Begin PBXVariantGroup section */
		EC7FA7D125B5F82E0050B692 /* LaunchScreen.storyboard */ = {
			isa = PBXVariantGroup;
			children = (
				EC7FA7D225B5F82E0050B692 /* Base */,
			);
			name = LaunchScreen.storyboard;
			sourceTree = "<group>";
		};
/* End PBXVariantGroup section */

/* Begin XCBuildConfiguration section */
		EC7FA7D525B5F82E0050B692 /* Debug */ = {
			isa = XCBuildConfiguration;
			buildSettings = {
				ALWAYS_SEARCH_USER_PATHS = NO;
				CLANG_ANALYZER_NONNULL = YES;
				CLANG_ANALYZER_NUMBER_OBJECT_CONVERSION = YES_AGGRESSIVE;
				CLANG_CXX_LANGUAGE_STANDARD = "gnu++14";
				CLANG_CXX_LIBRARY = "libc++";
				CLANG_ENABLE_MODULES = YES;
				CLANG_ENABLE_OBJC_ARC = YES;
				CLANG_ENABLE_OBJC_WEAK = YES;
				CLANG_WARN_BLOCK_CAPTURE_AUTORELEASING = YES;
				CLANG_WARN_BOOL_CONVERSION = YES;
				CLANG_WARN_COMMA = YES;
				CLANG_WARN_CONSTANT_CONVERSION = YES;
				CLANG_WARN_DEPRECATED_OBJC_IMPLEMENTATIONS = YES;
				CLANG_WARN_DIRECT_OBJC_ISA_USAGE = YES_ERROR;
				CLANG_WARN_DOCUMENTATION_COMMENTS = YES;
				CLANG_WARN_EMPTY_BODY = YES;
				CLANG_WARN_ENUM_CONVERSION = YES;
				CLANG_WARN_INFINITE_RECURSION = YES;
				CLANG_WARN_INT_CONVERSION = YES;
				CLANG_WARN_NON_LITERAL_NULL_CONVERSION = YES;
				CLANG_WARN_OBJC_IMPLICIT_RETAIN_SELF = YES;
				CLANG_WARN_OBJC_LITERAL_CONVERSION = YES;
				CLANG_WARN_OBJC_ROOT_CLASS = YES_ERROR;
				CLANG_WARN_QUOTED_INCLUDE_IN_FRAMEWORK_HEADER = YES;
				CLANG_WARN_RANGE_LOOP_ANALYSIS = YES;
				CLANG_WARN_STRICT_PROTOTYPES = YES;
				CLANG_WARN_SUSPICIOUS_MOVE = YES;
				CLANG_WARN_UNGUARDED_AVAILABILITY = YES_AGGRESSIVE;
				CLANG_WARN_UNREACHABLE_CODE = YES;
				CLANG_WARN__DUPLICATE_METHOD_MATCH = YES;
				COPY_PHASE_STRIP = NO;
				DEBUG_INFORMATION_FORMAT = dwarf;
				ENABLE_STRICT_OBJC_MSGSEND = YES;
				ENABLE_TESTABILITY = YES;
				GCC_C_LANGUAGE_STANDARD = gnu11;
				GCC_DYNAMIC_NO_PIC = NO;
				GCC_NO_COMMON_BLOCKS = YES;
				GCC_OPTIMIZATION_LEVEL = 0;
				GCC_PREPROCESSOR_DEFINITIONS = (
					"DEBUG=1",
					"$(inherited)",
				);
				GCC_WARN_64_TO_32_BIT_CONVERSION = YES;
				GCC_WARN_ABOUT_RETURN_TYPE = YES_ERROR;
				GCC_WARN_UNDECLARED_SELECTOR = YES;
				GCC_WARN_UNINITIALIZED_AUTOS = YES_AGGRESSIVE;
				GCC_WARN_UNUSED_FUNCTION = YES;
				GCC_WARN_UNUSED_VARIABLE = YES;
				IPHONEOS_DEPLOYMENT_TARGET = 13.0;
				MTL_ENABLE_DEBUG_INFO = INCLUDE_SOURCE;
				MTL_FAST_MATH = YES;
				ONLY_ACTIVE_ARCH = YES;
				SDKROOT = iphoneos;
				SWIFT_ACTIVE_COMPILATION_CONDITIONS = DEBUG;
				SWIFT_OPTIMIZATION_LEVEL = "-Onone";
			};
			name = Debug;
		};
		EC7FA7D625B5F82E0050B692 /* Release */ = {
			isa = XCBuildConfiguration;
			buildSettings = {
				ALWAYS_SEARCH_USER_PATHS = NO;
				CLANG_ANALYZER_NONNULL = YES;
				CLANG_ANALYZER_NUMBER_OBJECT_CONVERSION = YES_AGGRESSIVE;
				CLANG_CXX_LANGUAGE_STANDARD = "gnu++14";
				CLANG_CXX_LIBRARY = "libc++";
				CLANG_ENABLE_MODULES = YES;
				CLANG_ENABLE_OBJC_ARC = YES;
				CLANG_ENABLE_OBJC_WEAK = YES;
				CLANG_WARN_BLOCK_CAPTURE_AUTORELEASING = YES;
				CLANG_WARN_BOOL_CONVERSION = YES;
				CLANG_WARN_COMMA = YES;
				CLANG_WARN_CONSTANT_CONVERSION = YES;
				CLANG_WARN_DEPRECATED_OBJC_IMPLEMENTATIONS = YES;
				CLANG_WARN_DIRECT_OBJC_ISA_USAGE = YES_ERROR;
				CLANG_WARN_DOCUMENTATION_COMMENTS = YES;
				CLANG_WARN_EMPTY_BODY = YES;
				CLANG_WARN_ENUM_CONVERSION = YES;
				CLANG_WARN_INFINITE_RECURSION = YES;
				CLANG_WARN_INT_CONVERSION = YES;
				CLANG_WARN_NON_LITERAL_NULL_CONVERSION = YES;
				CLANG_WARN_OBJC_IMPLICIT_RETAIN_SELF = YES;
				CLANG_WARN_OBJC_LITERAL_CONVERSION = YES;
				CLANG_WARN_OBJC_ROOT_CLASS = YES_ERROR;
				CLANG_WARN_QUOTED_INCLUDE_IN_FRAMEWORK_HEADER = YES;
				CLANG_WARN_RANGE_LOOP_ANALYSIS = YES;
				CLANG_WARN_STRICT_PROTOTYPES = YES;
				CLANG_WARN_SUSPICIOUS_MOVE = YES;
				CLANG_WARN_UNGUARDED_AVAILABILITY = YES_AGGRESSIVE;
				CLANG_WARN_UNREACHABLE_CODE = YES;
				CLANG_WARN__DUPLICATE_METHOD_MATCH = YES;
				COPY_PHASE_STRIP = NO;
				DEBUG_INFORMATION_FORMAT = "dwarf-with-dsym";
				ENABLE_NS_ASSERTIONS = NO;
				ENABLE_STRICT_OBJC_MSGSEND = YES;
				GCC_C_LANGUAGE_STANDARD = gnu11;
				GCC_NO_COMMON_BLOCKS = YES;
				GCC_WARN_64_TO_32_BIT_CONVERSION = YES;
				GCC_WARN_ABOUT_RETURN_TYPE = YES_ERROR;
				GCC_WARN_UNDECLARED_SELECTOR = YES;
				GCC_WARN_UNINITIALIZED_AUTOS = YES_AGGRESSIVE;
				GCC_WARN_UNUSED_FUNCTION = YES;
				GCC_WARN_UNUSED_VARIABLE = YES;
				IPHONEOS_DEPLOYMENT_TARGET = 13.0;
				MTL_ENABLE_DEBUG_INFO = NO;
				MTL_FAST_MATH = YES;
				SDKROOT = iphoneos;
				SWIFT_COMPILATION_MODE = wholemodule;
				SWIFT_OPTIMIZATION_LEVEL = "-O";
				VALIDATE_PRODUCT = YES;
			};
			name = Release;
		};
		EC7FA7D825B5F82E0050B692 /* Debug */ = {
			isa = XCBuildConfiguration;
			baseConfigurationReference = 6DAEE8F43563FDDCDBD65A64 /* Pods-RandomPicker.debug.xcconfig */;
			buildSettings = {
				ASSETCATALOG_COMPILER_APPICON_NAME = AppIcon;
				ASSETCATALOG_COMPILER_GLOBAL_ACCENT_COLOR_NAME = AccentColor;
				CODE_SIGN_STYLE = Automatic;
				DEVELOPMENT_TEAM = 6ZTQ76LJPZ;
				INFOPLIST_FILE = RandomPicker/Info.plist;
				LD_RUNPATH_SEARCH_PATHS = (
					"$(inherited)",
					"@executable_path/Frameworks",
				);
				MARKETING_VERSION = 1.02;
				PRODUCT_BUNDLE_IDENTIFIER = YunaeKim.RandomPicker;
				PRODUCT_NAME = "$(TARGET_NAME)";
				SWIFT_VERSION = 5.0;
				TARGETED_DEVICE_FAMILY = 1;
			};
			name = Debug;
		};
		EC7FA7D925B5F82E0050B692 /* Release */ = {
			isa = XCBuildConfiguration;
			baseConfigurationReference = 7751301782D1AB204FEDCACD /* Pods-RandomPicker.release.xcconfig */;
			buildSettings = {
				ASSETCATALOG_COMPILER_APPICON_NAME = AppIcon;
				ASSETCATALOG_COMPILER_GLOBAL_ACCENT_COLOR_NAME = AccentColor;
				CODE_SIGN_STYLE = Automatic;
				DEVELOPMENT_TEAM = 6ZTQ76LJPZ;
				INFOPLIST_FILE = RandomPicker/Info.plist;
				LD_RUNPATH_SEARCH_PATHS = (
					"$(inherited)",
					"@executable_path/Frameworks",
				);
				MARKETING_VERSION = 1.02;
				PRODUCT_BUNDLE_IDENTIFIER = YunaeKim.RandomPicker;
				PRODUCT_NAME = "$(TARGET_NAME)";
				SWIFT_VERSION = 5.0;
				TARGETED_DEVICE_FAMILY = 1;
			};
			name = Release;
		};
/* End XCBuildConfiguration section */

/* Begin XCConfigurationList section */
		EC7FA7BE25B5F82C0050B692 /* Build configuration list for PBXProject "RandomPicker" */ = {
			isa = XCConfigurationList;
			buildConfigurations = (
				EC7FA7D525B5F82E0050B692 /* Debug */,
				EC7FA7D625B5F82E0050B692 /* Release */,
			);
			defaultConfigurationIsVisible = 0;
			defaultConfigurationName = Release;
		};
		EC7FA7D725B5F82E0050B692 /* Build configuration list for PBXNativeTarget "RandomPicker" */ = {
			isa = XCConfigurationList;
			buildConfigurations = (
				EC7FA7D825B5F82E0050B692 /* Debug */,
				EC7FA7D925B5F82E0050B692 /* Release */,
			);
			defaultConfigurationIsVisible = 0;
			defaultConfigurationName = Release;
		};
/* End XCConfigurationList section */
	};
	rootObject = EC7FA7BB25B5F82C0050B692 /* Project object */;
}
